
Microsoft Visual Studio Solution File, Format Version 12.00
Project("{FAE04EC0-301F-11D3-BF4B-00C04F79EFBC}") = "BlazorServerApp", "BlazorServerApp\BlazorServerApp.csproj", "{2F4015D3-0DF9-4795-B5F7-69AAE9756464}"
EndProject
Project("{FAE04EC0-301F-11D3-BF4B-00C04F79EFBC}") = "GrpcService", "GrpcService\GrpcService.csproj", "{A628DA88-8CFF-480B-8A44-EC6C496F9A96}"
EndProject
Global
	GlobalSection(SolutionConfigurationPlatforms) = preSolution
		Debug|Any CPU = Debug|Any CPU
		Release|Any CPU = Release|Any CPU
	EndGlobalSection
	GlobalSection(ProjectConfigurationPlatforms) = postSolution
		{2F4015D3-0DF9-4795-B5F7-69AAE9756464}.Debug|Any CPU.ActiveCfg = Debug|Any CPU
		{2F4015D3-0DF9-4795-B5F7-69AAE9756464}.Debug|Any CPU.Build.0 = Debug|Any CPU
		{2F4015D3-0DF9-4795-B5F7-69AAE9756464}.Release|Any CPU.ActiveCfg = Release|Any CPU
		{2F4015D3-0DF9-4795-B5F7-69AAE9756464}.Release|Any CPU.Build.0 = Release|Any CPU
		{A628DA88-8CFF-480B-8A44-EC6C496F9A96}.Debug|Any CPU.ActiveCfg = Debug|Any CPU
		{A628DA88-8CFF-480B-8A44-EC6C496F9A96}.Debug|Any CPU.Build.0 = Debug|Any CPU
		{A628DA88-8CFF-480B-8A44-EC6C496F9A96}.Release|Any CPU.ActiveCfg = Release|Any CPU
		{A628DA88-8CFF-480B-8A44-EC6C496F9A96}.Release|Any CPU.Build.0 = Release|Any CPU
	EndGlobalSection
EndGlobal
